// !$*UTF8*$!
{
	archiveVersion = 1;
	classes = {
	};
	objectVersion = 46;
	objects = {

/* Begin PBXBuildFile section */
		74F2958F1D3A4F1D00671F56 /* AppDelegate.swift in Sources */ = {isa = PBXBuildFile; fileRef = 74F2958E1D3A4F1D00671F56 /* AppDelegate.swift */; };
		74F295911D3A4F1D00671F56 /* ViewController.swift in Sources */ = {isa = PBXBuildFile; fileRef = 74F295901D3A4F1D00671F56 /* ViewController.swift */; };
		74F295941D3A4F1D00671F56 /* Main.storyboard in Resources */ = {isa = PBXBuildFile; fileRef = 74F295921D3A4F1D00671F56 /* Main.storyboard */; };
		74F295961D3A4F1D00671F56 /* Assets.xcassets in Resources */ = {isa = PBXBuildFile; fileRef = 74F295951D3A4F1D00671F56 /* Assets.xcassets */; };
		74F295991D3A4F1D00671F56 /* LaunchScreen.storyboard in Resources */ = {isa = PBXBuildFile; fileRef = 74F295971D3A4F1D00671F56 /* LaunchScreen.storyboard */; };
		74F295A41D3A4F1D00671F56 /* SpeechRecognizerDemoTests.swift in Sources */ = {isa = PBXBuildFile; fileRef = 74F295A31D3A4F1D00671F56 /* SpeechRecognizerDemoTests.swift */; };
		74F295AF1D3A4F1D00671F56 /* SpeechRecognizerDemoUITests.swift in Sources */ = {isa = PBXBuildFile; fileRef = 74F295AE1D3A4F1D00671F56 /* SpeechRecognizerDemoUITests.swift */; };
/* End PBXBuildFile section */

/* Begin PBXContainerItemProxy section */
		74F295A01D3A4F1D00671F56 /* PBXContainerItemProxy */ = {
			isa = PBXContainerItemProxy;
			containerPortal = 74F295831D3A4F1D00671F56 /* Project object */;
			proxyType = 1;
			remoteGlobalIDString = 74F2958A1D3A4F1D00671F56;
			remoteInfo = SpeechRecognizerDemo;
		};
		74F295AB1D3A4F1D00671F56 /* PBXContainerItemProxy */ = {
			isa = PBXContainerItemProxy;
			containerPortal = 74F295831D3A4F1D00671F56 /* Project object */;
			proxyType = 1;
			remoteGlobalIDString = 74F2958A1D3A4F1D00671F56;
			remoteInfo = SpeechRecognizerDemo;
		};
/* End PBXContainerItemProxy section */

/* Begin PBXFileReference section */
		74F2958B1D3A4F1D00671F56 /* SpeechRecognizerDemo.app */ = {isa = PBXFileReference; explicitFileType = wrapper.application; includeInIndex = 0; path = SpeechRecognizerDemo.app; sourceTree = BUILT_PRODUCTS_DIR; };
		74F2958E1D3A4F1D00671F56 /* AppDelegate.swift */ = {isa = PBXFileReference; lastKnownFileType = sourcecode.swift; path = AppDelegate.swift; sourceTree = "<group>"; };
		74F295901D3A4F1D00671F56 /* ViewController.swift */ = {isa = PBXFileReference; lastKnownFileType = sourcecode.swift; path = ViewController.swift; sourceTree = "<group>"; };
		74F295931D3A4F1D00671F56 /* Base */ = {isa = PBXFileReference; lastKnownFileType = file.storyboard; name = Base; path = Base.lproj/Main.storyboard; sourceTree = "<group>"; };
		74F295951D3A4F1D00671F56 /* Assets.xcassets */ = {isa = PBXFileReference; lastKnownFileType = folder.assetcatalog; path = Assets.xcassets; sourceTree = "<group>"; };
		74F295981D3A4F1D00671F56 /* Base */ = {isa = PBXFileReference; lastKnownFileType = file.storyboard; name = Base; path = Base.lproj/LaunchScreen.storyboard; sourceTree = "<group>"; };
		74F2959A1D3A4F1D00671F56 /* Info.plist */ = {isa = PBXFileReference; lastKnownFileType = text.plist.xml; path = Info.plist; sourceTree = "<group>"; };
		74F2959F1D3A4F1D00671F56 /* SpeechRecognizerDemoTests.xctest */ = {isa = PBXFileReference; explicitFileType = wrapper.cfbundle; includeInIndex = 0; path = SpeechRecognizerDemoTests.xctest; sourceTree = BUILT_PRODUCTS_DIR; };
		74F295A31D3A4F1D00671F56 /* SpeechRecognizerDemoTests.swift */ = {isa = PBXFileReference; lastKnownFileType = sourcecode.swift; path = SpeechRecognizerDemoTests.swift; sourceTree = "<group>"; };
		74F295A51D3A4F1D00671F56 /* Info.plist */ = {isa = PBXFileReference; lastKnownFileType = text.plist.xml; path = Info.plist; sourceTree = "<group>"; };
		74F295AA1D3A4F1D00671F56 /* SpeechRecognizerDemoUITests.xctest */ = {isa = PBXFileReference; explicitFileType = wrapper.cfbundle; includeInIndex = 0; path = SpeechRecognizerDemoUITests.xctest; sourceTree = BUILT_PRODUCTS_DIR; };
		74F295AE1D3A4F1D00671F56 /* SpeechRecognizerDemoUITests.swift */ = {isa = PBXFileReference; lastKnownFileType = sourcecode.swift; path = SpeechRecognizerDemoUITests.swift; sourceTree = "<group>"; };
		74F295B01D3A4F1D00671F56 /* Info.plist */ = {isa = PBXFileReference; lastKnownFileType = text.plist.xml; path = Info.plist; sourceTree = "<group>"; };
/* End PBXFileReference section */

/* Begin PBXFrameworksBuildPhase section */
		74F295881D3A4F1D00671F56 /* Frameworks */ = {
			isa = PBXFrameworksBuildPhase;
			buildActionMask = 2147483647;
			files = (
			);
			runOnlyForDeploymentPostprocessing = 0;
		};
		74F2959C1D3A4F1D00671F56 /* Frameworks */ = {
			isa = PBXFrameworksBuildPhase;
			buildActionMask = 2147483647;
			files = (
			);
			runOnlyForDeploymentPostprocessing = 0;
		};
		74F295A71D3A4F1D00671F56 /* Frameworks */ = {
			isa = PBXFrameworksBuildPhase;
			buildActionMask = 2147483647;
			files = (
			);
			runOnlyForDeploymentPostprocessing = 0;
		};
/* End PBXFrameworksBuildPhase section */

/* Begin PBXGroup section */
		74F295821D3A4F1D00671F56 = {
			isa = PBXGroup;
			children = (
				74F2958D1D3A4F1D00671F56 /* SpeechRecognizerDemo */,
				74F295A21D3A4F1D00671F56 /* SpeechRecognizerDemoTests */,
				74F295AD1D3A4F1D00671F56 /* SpeechRecognizerDemoUITests */,
				74F2958C1D3A4F1D00671F56 /* Products */,
			);
			sourceTree = "<group>";
		};
		74F2958C1D3A4F1D00671F56 /* Products */ = {
			isa = PBXGroup;
			children = (
				74F2958B1D3A4F1D00671F56 /* SpeechRecognizerDemo.app */,
				74F2959F1D3A4F1D00671F56 /* SpeechRecognizerDemoTests.xctest */,
				74F295AA1D3A4F1D00671F56 /* SpeechRecognizerDemoUITests.xctest */,
			);
			name = Products;
			sourceTree = "<group>";
		};
		74F2958D1D3A4F1D00671F56 /* SpeechRecognizerDemo */ = {
			isa = PBXGroup;
			children = (
				74F2958E1D3A4F1D00671F56 /* AppDelegate.swift */,
				74F295901D3A4F1D00671F56 /* ViewController.swift */,
				74F295921D3A4F1D00671F56 /* Main.storyboard */,
				74F295951D3A4F1D00671F56 /* Assets.xcassets */,
				74F295971D3A4F1D00671F56 /* LaunchScreen.storyboard */,
				74F2959A1D3A4F1D00671F56 /* Info.plist */,
			);
			path = SpeechRecognizerDemo;
			sourceTree = "<group>";
		};
		74F295A21D3A4F1D00671F56 /* SpeechRecognizerDemoTests */ = {
			isa = PBXGroup;
			children = (
				74F295A31D3A4F1D00671F56 /* SpeechRecognizerDemoTests.swift */,
				74F295A51D3A4F1D00671F56 /* Info.plist */,
			);
			path = SpeechRecognizerDemoTests;
			sourceTree = "<group>";
		};
		74F295AD1D3A4F1D00671F56 /* SpeechRecognizerDemoUITests */ = {
			isa = PBXGroup;
			children = (
				74F295AE1D3A4F1D00671F56 /* SpeechRecognizerDemoUITests.swift */,
				74F295B01D3A4F1D00671F56 /* Info.plist */,
			);
			path = SpeechRecognizerDemoUITests;
			sourceTree = "<group>";
		};
/* End PBXGroup section */

/* Begin PBXNativeTarget section */
		74F2958A1D3A4F1D00671F56 /* SpeechRecognizerDemo */ = {
			isa = PBXNativeTarget;
			buildConfigurationList = 74F295B31D3A4F1D00671F56 /* Build configuration list for PBXNativeTarget "SpeechRecognizerDemo" */;
			buildPhases = (
				74F295871D3A4F1D00671F56 /* Sources */,
				74F295881D3A4F1D00671F56 /* Frameworks */,
				74F295891D3A4F1D00671F56 /* Resources */,
			);
			buildRules = (
			);
			dependencies = (
			);
			name = SpeechRecognizerDemo;
			productName = SpeechRecognizerDemo;
			productReference = 74F2958B1D3A4F1D00671F56 /* SpeechRecognizerDemo.app */;
			productType = "com.apple.product-type.application";
		};
		74F2959E1D3A4F1D00671F56 /* SpeechRecognizerDemoTests */ = {
			isa = PBXNativeTarget;
			buildConfigurationList = 74F295B61D3A4F1D00671F56 /* Build configuration list for PBXNativeTarget "SpeechRecognizerDemoTests" */;
			buildPhases = (
				74F2959B1D3A4F1D00671F56 /* Sources */,
				74F2959C1D3A4F1D00671F56 /* Frameworks */,
				74F2959D1D3A4F1D00671F56 /* Resources */,
			);
			buildRules = (
			);
			dependencies = (
				74F295A11D3A4F1D00671F56 /* PBXTargetDependency */,
			);
			name = SpeechRecognizerDemoTests;
			productName = SpeechRecognizerDemoTests;
			productReference = 74F2959F1D3A4F1D00671F56 /* SpeechRecognizerDemoTests.xctest */;
			productType = "com.apple.product-type.bundle.unit-test";
		};
		74F295A91D3A4F1D00671F56 /* SpeechRecognizerDemoUITests */ = {
			isa = PBXNativeTarget;
			buildConfigurationList = 74F295B91D3A4F1D00671F56 /* Build configuration list for PBXNativeTarget "SpeechRecognizerDemoUITests" */;
			buildPhases = (
				74F295A61D3A4F1D00671F56 /* Sources */,
				74F295A71D3A4F1D00671F56 /* Frameworks */,
				74F295A81D3A4F1D00671F56 /* Resources */,
			);
			buildRules = (
			);
			dependencies = (
				74F295AC1D3A4F1D00671F56 /* PBXTargetDependency */,
			);
			name = SpeechRecognizerDemoUITests;
			productName = SpeechRecognizerDemoUITests;
			productReference = 74F295AA1D3A4F1D00671F56 /* SpeechRecognizerDemoUITests.xctest */;
			productType = "com.apple.product-type.bundle.ui-testing";
		};
/* End PBXNativeTarget section */

/* Begin PBXProject section */
		74F295831D3A4F1D00671F56 /* Project object */ = {
			isa = PBXProject;
			attributes = {
				LastSwiftUpdateCheck = 0800;
				LastUpgradeCheck = 0800;
				ORGANIZATIONNAME = jbn;
				TargetAttributes = {
					74F2958A1D3A4F1D00671F56 = {
						CreatedOnToolsVersion = 8.0;
						DevelopmentTeam = SWWFFZ7MHF;
						DevelopmentTeamName = "Jason Newell (Personal Team)";
						ProvisioningStyle = Automatic;
					};
					74F2959E1D3A4F1D00671F56 = {
						CreatedOnToolsVersion = 8.0;
						DevelopmentTeam = SWWFFZ7MHF;
						DevelopmentTeamName = "Jason Newell (Personal Team)";
						ProvisioningStyle = Automatic;
						TestTargetID = 74F2958A1D3A4F1D00671F56;
					};
					74F295A91D3A4F1D00671F56 = {
						CreatedOnToolsVersion = 8.0;
						DevelopmentTeam = SWWFFZ7MHF;
						DevelopmentTeamName = "Jason Newell (Personal Team)";
						ProvisioningStyle = Automatic;
						TestTargetID = 74F2958A1D3A4F1D00671F56;
					};
				};
			};
			buildConfigurationList = 74F295861D3A4F1D00671F56 /* Build configuration list for PBXProject "SpeechRecognizerDemo" */;
			compatibilityVersion = "Xcode 3.2";
			developmentRegion = English;
			hasScannedForEncodings = 0;
			knownRegions = (
				en,
				Base,
			);
			mainGroup = 74F295821D3A4F1D00671F56;
			productRefGroup = 74F2958C1D3A4F1D00671F56 /* Products */;
			projectDirPath = "";
			projectRoot = "";
			targets = (
				74F2958A1D3A4F1D00671F56 /* SpeechRecognizerDemo */,
				74F2959E1D3A4F1D00671F56 /* SpeechRecognizerDemoTests */,
				74F295A91D3A4F1D00671F56 /* SpeechRecognizerDemoUITests */,
			);
		};
/* End PBXProject section */

/* Begin PBXResourcesBuildPhase section */
		74F295891D3A4F1D00671F56 /* Resources */ = {
			isa = PBXResourcesBuildPhase;
			buildActionMask = 2147483647;
			files = (
				74F295991D3A4F1D00671F56 /* LaunchScreen.storyboard in Resources */,
				74F295961D3A4F1D00671F56 /* Assets.xcassets in Resources */,
				74F295941D3A4F1D00671F56 /* Main.storyboard in Resources */,
			);
			runOnlyForDeploymentPostprocessing = 0;
		};
		74F2959D1D3A4F1D00671F56 /* Resources */ = {
			isa = PBXResourcesBuildPhase;
			buildActionMask = 2147483647;
			files = (
			);
			runOnlyForDeploymentPostprocessing = 0;
		};
		74F295A81D3A4F1D00671F56 /* Resources */ = {
			isa = PBXResourcesBuildPhase;
			buildActionMask = 2147483647;
			files = (
			);
			runOnlyForDeploymentPostprocessing = 0;
		};
/* End PBXResourcesBuildPhase section */

/* Begin PBXSourcesBuildPhase section */
		74F295871D3A4F1D00671F56 /* Sources */ = {
			isa = PBXSourcesBuildPhase;
			buildActionMask = 2147483647;
			files = (
				74F295911D3A4F1D00671F56 /* ViewController.swift in Sources */,
				74F2958F1D3A4F1D00671F56 /* AppDelegate.swift in Sources */,
			);
			runOnlyForDeploymentPostprocessing = 0;
		};
		74F2959B1D3A4F1D00671F56 /* Sources */ = {
			isa = PBXSourcesBuildPhase;
			buildActionMask = 2147483647;
			files = (
				74F295A41D3A4F1D00671F56 /* SpeechRecognizerDemoTests.swift in Sources */,
			);
			runOnlyForDeploymentPostprocessing = 0;
		};
		74F295A61D3A4F1D00671F56 /* Sources */ = {
			isa = PBXSourcesBuildPhase;
			buildActionMask = 2147483647;
			files = (
				74F295AF1D3A4F1D00671F56 /* SpeechRecognizerDemoUITests.swift in Sources */,
			);
			runOnlyForDeploymentPostprocessing = 0;
		};
/* End PBXSourcesBuildPhase section */

/* Begin PBXTargetDependency section */
		74F295A11D3A4F1D00671F56 /* PBXTargetDependency */ = {
			isa = PBXTargetDependency;
			target = 74F2958A1D3A4F1D00671F56 /* SpeechRecognizerDemo */;
			targetProxy = 74F295A01D3A4F1D00671F56 /* PBXContainerItemProxy */;
		};
		74F295AC1D3A4F1D00671F56 /* PBXTargetDependency */ = {
			isa = PBXTargetDependency;
			target = 74F2958A1D3A4F1D00671F56 /* SpeechRecognizerDemo */;
			targetProxy = 74F295AB1D3A4F1D00671F56 /* PBXContainerItemProxy */;
		};
/* End PBXTargetDependency section */

/* Begin PBXVariantGroup section */
		74F295921D3A4F1D00671F56 /* Main.storyboard */ = {
			isa = PBXVariantGroup;
			children = (
				74F295931D3A4F1D00671F56 /* Base */,
			);
			name = Main.storyboard;
			sourceTree = "<group>";
		};
		74F295971D3A4F1D00671F56 /* LaunchScreen.storyboard */ = {
			isa = PBXVariantGroup;
			children = (
				74F295981D3A4F1D00671F56 /* Base */,
			);
			name = LaunchScreen.storyboard;
			sourceTree = "<group>";
		};
/* End PBXVariantGroup section */

/* Begin XCBuildConfiguration section */
		74F295B11D3A4F1D00671F56 /* Debug */ = {
			isa = XCBuildConfiguration;
			buildSettings = {
				ALWAYS_SEARCH_USER_PATHS = NO;
				CLANG_ANALYZER_NONNULL = YES;
				CLANG_CXX_LANGUAGE_STANDARD = "gnu++0x";
				CLANG_CXX_LIBRARY = "libc++";
				CLANG_ENABLE_MODULES = YES;
				CLANG_ENABLE_OBJC_ARC = YES;
				CLANG_WARN_BOOL_CONVERSION = YES;
				CLANG_WARN_CONSTANT_CONVERSION = YES;
				CLANG_WARN_DIRECT_OBJC_ISA_USAGE = YES_ERROR;
				CLANG_WARN_DOCUMENTATION_COMMENTS = YES;
				CLANG_WARN_EMPTY_BODY = YES;
				CLANG_WARN_ENUM_CONVERSION = YES;
				CLANG_WARN_INT_CONVERSION = YES;
				CLANG_WARN_OBJC_ROOT_CLASS = YES_ERROR;
				CLANG_WARN_UNREACHABLE_CODE = YES;
				CLANG_WARN__DUPLICATE_METHOD_MATCH = YES;
				"CODE_SIGN_IDENTITY[sdk=iphoneos*]" = "iPhone Developer";
				COPY_PHASE_STRIP = NO;
				DEBUG_INFORMATION_FORMAT = dwarf;
				ENABLE_STRICT_OBJC_MSGSEND = YES;
				ENABLE_TESTABILITY = YES;
				GCC_C_LANGUAGE_STANDARD = gnu99;
				GCC_DYNAMIC_NO_PIC = NO;
				GCC_NO_COMMON_BLOCKS = YES;
				GCC_OPTIMIZATION_LEVEL = 0;
				GCC_PREPROCESSOR_DEFINITIONS = (
					"DEBUG=1",
					"$(inherited)",
				);
				GCC_WARN_64_TO_32_BIT_CONVERSION = YES;
				GCC_WARN_ABOUT_RETURN_TYPE = YES_ERROR;
				GCC_WARN_UNDECLARED_SELECTOR = YES;
				GCC_WARN_UNINITIALIZED_AUTOS = YES_AGGRESSIVE;
				GCC_WARN_UNUSED_FUNCTION = YES;
				GCC_WARN_UNUSED_VARIABLE = YES;
				IPHONEOS_DEPLOYMENT_TARGET = 10.0;
				MTL_ENABLE_DEBUG_INFO = YES;
				ONLY_ACTIVE_ARCH = YES;
				SDKROOT = iphoneos;
				SWIFT_ACTIVE_COMPILATION_CONDITIONS = DEBUG;
				SWIFT_OPTIMIZATION_LEVEL = "-Onone";
				TARGETED_DEVICE_FAMILY = "1,2";
			};
			name = Debug;
		};
		74F295B21D3A4F1D00671F56 /* Release */ = {
			isa = XCBuildConfiguration;
			buildSettings = {
				ALWAYS_SEARCH_USER_PATHS = NO;
				CLANG_ANALYZER_NONNULL = YES;
				CLANG_CXX_LANGUAGE_STANDARD = "gnu++0x";
				CLANG_CXX_LIBRARY = "libc++";
				CLANG_ENABLE_MODULES = YES;
				CLANG_ENABLE_OBJC_ARC = YES;
				CLANG_WARN_BOOL_CONVERSION = YES;
				CLANG_WARN_CONSTANT_CONVERSION = YES;
				CLANG_WARN_DIRECT_OBJC_ISA_USAGE = YES_ERROR;
				CLANG_WARN_DOCUMENTATION_COMMENTS = YES;
				CLANG_WARN_EMPTY_BODY = YES;
				CLANG_WARN_ENUM_CONVERSION = YES;
				CLANG_WARN_INT_CONVERSION = YES;
				CLANG_WARN_OBJC_ROOT_CLASS = YES_ERROR;
				CLANG_WARN_UNREACHABLE_CODE = YES;
				CLANG_WARN__DUPLICATE_METHOD_MATCH = YES;
				"CODE_SIGN_IDENTITY[sdk=iphoneos*]" = "iPhone Developer";
				COPY_PHASE_STRIP = NO;
				DEBUG_INFORMATION_FORMAT = "dwarf-with-dsym";
				ENABLE_NS_ASSERTIONS = NO;
				ENABLE_STRICT_OBJC_MSGSEND = YES;
				GCC_C_LANGUAGE_STANDARD = gnu99;
				GCC_NO_COMMON_BLOCKS = YES;
				GCC_WARN_64_TO_32_BIT_CONVERSION = YES;
				GCC_WARN_ABOUT_RETURN_TYPE = YES_ERROR;
				GCC_WARN_UNDECLARED_SELECTOR = YES;
				GCC_WARN_UNINITIALIZED_AUTOS = YES_AGGRESSIVE;
				GCC_WARN_UNUSED_FUNCTION = YES;
				GCC_WARN_UNUSED_VARIABLE = YES;
				IPHONEOS_DEPLOYMENT_TARGET = 10.0;
				MTL_ENABLE_DEBUG_INFO = NO;
				SDKROOT = iphoneos;
				SWIFT_OPTIMIZATION_LEVEL = "-Owholemodule";
				TARGETED_DEVICE_FAMILY = "1,2";
				VALIDATE_PRODUCT = YES;
			};
			name = Release;
		};
		74F295B41D3A4F1D00671F56 /* Debug */ = {
			isa = XCBuildConfiguration;
			buildSettings = {
				ASSETCATALOG_COMPILER_APPICON_NAME = AppIcon;
				INFOPLIST_FILE = SpeechRecognizerDemo/Info.plist;
				LD_RUNPATH_SEARCH_PATHS = "$(inherited) @executable_path/Frameworks";
				PRODUCT_BUNDLE_IDENTIFIER = net.jbn.SpeechRecognizerDemo;
				PRODUCT_NAME = "$(TARGET_NAME)";
				SWIFT_VERSION = 3.0;
			};
			name = Debug;
		};
		74F295B51D3A4F1D00671F56 /* Release */ = {
			isa = XCBuildConfiguration;
			buildSettings = {
				ASSETCATALOG_COMPILER_APPICON_NAME = AppIcon;
				INFOPLIST_FILE = SpeechRecognizerDemo/Info.plist;
				LD_RUNPATH_SEARCH_PATHS = "$(inherited) @executable_path/Frameworks";
				PRODUCT_BUNDLE_IDENTIFIER = net.jbn.SpeechRecognizerDemo;
				PRODUCT_NAME = "$(TARGET_NAME)";
				SWIFT_VERSION = 3.0;
			};
			name = Release;
		};
		74F295B71D3A4F1D00671F56 /* Debug */ = {
			isa = XCBuildConfiguration;
			buildSettings = {
				BUNDLE_LOADER = "$(TEST_HOST)";
				INFOPLIST_FILE = SpeechRecognizerDemoTests/Info.plist;
				LD_RUNPATH_SEARCH_PATHS = "$(inherited) @executable_path/Frameworks @loader_path/Frameworks";
				PRODUCT_BUNDLE_IDENTIFIER = net.jbn.SpeechRecognizerDemoTests;
				PRODUCT_NAME = "$(TARGET_NAME)";
				SWIFT_VERSION = 3.0;
				TEST_HOST = "$(BUILT_PRODUCTS_DIR)/SpeechRecognizerDemo.app/SpeechRecognizerDemo";
			};
			name = Debug;
		};
		74F295B81D3A4F1D00671F56 /* Release */ = {
			isa = XCBuildConfiguration;
			buildSettings = {
				BUNDLE_LOADER = "$(TEST_HOST)";
				INFOPLIST_FILE = SpeechRecognizerDemoTests/Info.plist;
				LD_RUNPATH_SEARCH_PATHS = "$(inherited) @executable_path/Frameworks @loader_path/Frameworks";
				PRODUCT_BUNDLE_IDENTIFIER = net.jbn.SpeechRecognizerDemoTests;
				PRODUCT_NAME = "$(TARGET_NAME)";
				SWIFT_VERSION = 3.0;
				TEST_HOST = "$(BUILT_PRODUCTS_DIR)/SpeechRecognizerDemo.app/SpeechRecognizerDemo";
			};
			name = Release;
		};
		74F295BA1D3A4F1D00671F56 /* Debug */ = {
			isa = XCBuildConfiguration;
			buildSettings = {
				INFOPLIST_FILE = SpeechRecognizerDemoUITests/Info.plist;
				LD_RUNPATH_SEARCH_PATHS = "$(inherited) @executable_path/Frameworks @loader_path/Frameworks";
				PRODUCT_BUNDLE_IDENTIFIER = net.jbn.SpeechRecognizerDemoUITests;
				PRODUCT_NAME = "$(TARGET_NAME)";
				SWIFT_VERSION = 3.0;
				TEST_TARGET_NAME = SpeechRecognizerDemo;
			};
			name = Debug;
		};
		74F295BB1D3A4F1D00671F56 /* Release */ = {
			isa = XCBuildConfiguration;
			buildSettings = {
				INFOPLIST_FILE = SpeechRecognizerDemoUITests/Info.plist;
				LD_RUNPATH_SEARCH_PATHS = "$(inherited) @executable_path/Frameworks @loader_path/Frameworks";
				PRODUCT_BUNDLE_IDENTIFIER = net.jbn.SpeechRecognizerDemoUITests;
				PRODUCT_NAME = "$(TARGET_NAME)";
				SWIFT_VERSION = 3.0;
				TEST_TARGET_NAME = SpeechRecognizerDemo;
			};
			name = Release;
		};
/* End XCBuildConfiguration section */

/* Begin XCConfigurationList section */
		74F295861D3A4F1D00671F56 /* Build configuration list for PBXProject "SpeechRecognizerDemo" */ = {
			isa = XCConfigurationList;
			buildConfigurations = (
				74F295B11D3A4F1D00671F56 /* Debug */,
				74F295B21D3A4F1D00671F56 /* Release */,
			);
			defaultConfigurationIsVisible = 0;
			defaultConfigurationName = Release;
		};
		74F295B31D3A4F1D00671F56 /* Build configuration list for PBXNativeTarget "SpeechRecognizerDemo" */ = {
			isa = XCConfigurationList;
			buildConfigurations = (
				74F295B41D3A4F1D00671F56 /* Debug */,
				74F295B51D3A4F1D00671F56 /* Release */,
			);
			defaultConfigurationIsVisible = 0;
		};
		74F295B61D3A4F1D00671F56 /* Build configuration list for PBXNativeTarget "SpeechRecognizerDemoTests" */ = {
			isa = XCConfigurationList;
			buildConfigurations = (
				74F295B71D3A4F1D00671F56 /* Debug */,
				74F295B81D3A4F1D00671F56 /* Release */,
			);
			defaultConfigurationIsVisible = 0;
		};
		74F295B91D3A4F1D00671F56 /* Build configuration list for PBXNativeTarget "SpeechRecognizerDemoUITests" */ = {
			isa = XCConfigurationList;
			buildConfigurations = (
				74F295BA1D3A4F1D00671F56 /* Debug */,
				74F295BB1D3A4F1D00671F56 /* Release */,
			);
			defaultConfigurationIsVisible = 0;
		};
/* End XCConfigurationList section */
	};
	rootObject = 74F295831D3A4F1D00671F56 /* Project object */;
}
